
Microsoft Visual Studio Solution File, Format Version 12.00
# Visual Studio Version 16
VisualStudioVersion = 16.0.30907.101
MinimumVisualStudioVersion = 10.0.40219.1
Project("{FAE04EC0-301F-11D3-BF4B-00C04F79EFBC}") = "ConsoleApp6", "ConsoleApp6\ConsoleApp6.csproj", "{DF87B786-C06D-4F9E-AEC4-18CE2EF75303}"
EndProject
Global
	GlobalSection(SolutionConfigurationPlatforms) = preSolution
		Debug|Any CPU = Debug|Any CPU
		Release|Any CPU = Release|Any CPU
	EndGlobalSection
	GlobalSection(ProjectConfigurationPlatforms) = postSolution
		{DF87B786-C06D-4F9E-AEC4-18CE2EF75303}.Debug|Any CPU.ActiveCfg = Debug|Any CPU
		{DF87B786-C06D-4F9E-AEC4-18CE2EF75303}.Debug|Any CPU.Build.0 = Debug|Any CPU
		{DF87B786-C06D-4F9E-AEC4-18CE2EF75303}.Release|Any CPU.ActiveCfg = Release|Any CPU
		{DF87B786-C06D-4F9E-AEC4-18CE2EF75303}.Release|Any CPU.Build.0 = Release|Any CPU
	EndGlobalSection
	GlobalSection(SolutionProperties) = preSolution
		HideSolutionNode = FALSE
	EndGlobalSection
	GlobalSection(ExtensibilityGlobals) = postSolution
		SolutionGuid = {2E271D47-946D-476A-88BB-E3E08C89576E}
	EndGlobalSection
EndGlobal
